
Microsoft Visual Studio Solution File, Format Version 12.00
# Visual Studio 15
VisualStudioVersion = 15.0.27825.0
MinimumVisualStudioVersion = 10.0.40219.1
Project("{2150E333-8FDC-42A3-9474-1A3956D46DE8}") = "Solution Items", "Solution Items", "{7271F8CF-C4EC-47FE-91F3-FF3331482C4F}"
	ProjectSection(SolutionItems) = preProject
		appveyor.yml = appveyor.yml
	EndProjectSection
EndProject
Project("{9A19103F-16F7-4668-BE54-9A1E7A4F7556}") = "Cogito.Extensions.Logging", "Cogito.Extensions.Logging\Cogito.Extensions.Logging.csproj", "{D7D1F86B-0A6F-4219-AC0C-4481E73C096B}"
EndProject
Project("{9A19103F-16F7-4668-BE54-9A1E7A4F7556}") = "Cogito.Extensions.Logging.Autofac", "Cogito.Extensions.Logging.Autofac\Cogito.Extensions.Logging.Autofac.csproj", "{5F8E524F-6065-4B4B-80D1-FD5324C0DD7E}"
EndProject
Project("{9A19103F-16F7-4668-BE54-9A1E7A4F7556}") = "Cogito.Extensions.Logging.Serilog", "Cogito.Extensions.Logging.Serilog\Cogito.Extensions.Logging.Serilog.csproj", "{1867587E-B8C1-4C3C-95A4-E79A2334F1CB}"
EndProject
Project("{9A19103F-16F7-4668-BE54-9A1E7A4F7556}") = "Cogito.Extensions.Logging.Serilog.Autofac", "Cogito.Extensions.Logging.Serilog.Autofac\Cogito.Extensions.Logging.Serilog.Autofac.csproj", "{D7F43997-2879-4E3B-91C6-EF14F6503863}"
EndProject
Project("{FAE04EC0-301F-11D3-BF4B-00C04F79EFBC}") = "Cogito.Extensions.Logging.Tests", "Cogito.Extensions.Logging.Tests\Cogito.Extensions.Logging.Tests.csproj", "{18AF746F-16C1-4157-9B0B-ED4FCD405C60}"
EndProject
Global
	GlobalSection(SolutionConfigurationPlatforms) = preSolution
		Debug|Any CPU = Debug|Any CPU
		Release|Any CPU = Release|Any CPU
	EndGlobalSection
	GlobalSection(ProjectConfigurationPlatforms) = postSolution
		{D7D1F86B-0A6F-4219-AC0C-4481E73C096B}.Debug|Any CPU.ActiveCfg = Debug|Any CPU
		{D7D1F86B-0A6F-4219-AC0C-4481E73C096B}.Debug|Any CPU.Build.0 = Debug|Any CPU
		{D7D1F86B-0A6F-4219-AC0C-4481E73C096B}.Release|Any CPU.ActiveCfg = Release|Any CPU
		{D7D1F86B-0A6F-4219-AC0C-4481E73C096B}.Release|Any CPU.Build.0 = Release|Any CPU
		{5F8E524F-6065-4B4B-80D1-FD5324C0DD7E}.Debug|Any CPU.ActiveCfg = Debug|Any CPU
		{5F8E524F-6065-4B4B-80D1-FD5324C0DD7E}.Debug|Any CPU.Build.0 = Debug|Any CPU
		{5F8E524F-6065-4B4B-80D1-FD5324C0DD7E}.Release|Any CPU.ActiveCfg = Release|Any CPU
		{5F8E524F-6065-4B4B-80D1-FD5324C0DD7E}.Release|Any CPU.Build.0 = Release|Any CPU
		{1867587E-B8C1-4C3C-95A4-E79A2334F1CB}.Debug|Any CPU.ActiveCfg = Debug|Any CPU
		{1867587E-B8C1-4C3C-95A4-E79A2334F1CB}.Debug|Any CPU.Build.0 = Debug|Any CPU
		{1867587E-B8C1-4C3C-95A4-E79A2334F1CB}.Release|Any CPU.ActiveCfg = Release|Any CPU
		{1867587E-B8C1-4C3C-95A4-E79A2334F1CB}.Release|Any CPU.Build.0 = Release|Any CPU
		{D7F43997-2879-4E3B-91C6-EF14F6503863}.Debug|Any CPU.ActiveCfg = Debug|Any CPU
		{D7F43997-2879-4E3B-91C6-EF14F6503863}.Debug|Any CPU.Build.0 = Debug|Any CPU
		{D7F43997-2879-4E3B-91C6-EF14F6503863}.Release|Any CPU.ActiveCfg = Release|Any CPU
		{D7F43997-2879-4E3B-91C6-EF14F6503863}.Release|Any CPU.Build.0 = Release|Any CPU
		{18AF746F-16C1-4157-9B0B-ED4FCD405C60}.Debug|Any CPU.ActiveCfg = Debug|Any CPU
		{18AF746F-16C1-4157-9B0B-ED4FCD405C60}.Debug|Any CPU.Build.0 = Debug|Any CPU
		{18AF746F-16C1-4157-9B0B-ED4FCD405C60}.Release|Any CPU.ActiveCfg = Release|Any CPU
		{18AF746F-16C1-4157-9B0B-ED4FCD405C60}.Release|Any CPU.Build.0 = Release|Any CPU
	EndGlobalSection
	GlobalSection(SolutionProperties) = preSolution
		HideSolutionNode = FALSE
	EndGlobalSection
	GlobalSection(ExtensibilityGlobals) = postSolution
		SolutionGuid = {FF4B3820-4206-4316-82A5-DEA5792C6A71}
	EndGlobalSection
EndGlobal
